// !$*UTF8*$!
{
	archiveVersion = 1;
	classes = {
	};
	objectVersion = 48;
	objects = {

/* Begin PBXBuildFile section */
		4506EE6C2001D6FB007D45D5 /* FirstPageJSONData.swift in Sources */ = {isa = PBXBuildFile; fileRef = 4506EE6B2001D6FB007D45D5 /* FirstPageJSONData.swift */; };
		45355DBB1FF48DE6004413C0 /* AccountChecker.swift in Sources */ = {isa = PBXBuildFile; fileRef = 45355DBA1FF48DE6004413C0 /* AccountChecker.swift */; };
		45355DBE1FF49FCF004413C0 /* HomePage.swift in Sources */ = {isa = PBXBuildFile; fileRef = 45355DBD1FF49FCF004413C0 /* HomePage.swift */; };
		453F19A1200AB72700CD8FEA /* Model.xcdatamodeld in Sources */ = {isa = PBXBuildFile; fileRef = 453F199F200AB72700CD8FEA /* Model.xcdatamodeld */; };
		457F742E20104C3600B62AE1 /* Location+CoreDataClass.swift in Sources */ = {isa = PBXBuildFile; fileRef = 457F742C20104C3600B62AE1 /* Location+CoreDataClass.swift */; };
		457F742F20104C3600B62AE1 /* Location+CoreDataProperties.swift in Sources */ = {isa = PBXBuildFile; fileRef = 457F742D20104C3600B62AE1 /* Location+CoreDataProperties.swift */; };
		45B482D91FF55D2D00333AED /* LocationController.swift in Sources */ = {isa = PBXBuildFile; fileRef = 45B482D81FF55D2D00333AED /* LocationController.swift */; };
		45D452721FF0458700698F16 /* AppDelegate.swift in Sources */ = {isa = PBXBuildFile; fileRef = 45D452711FF0458700698F16 /* AppDelegate.swift */; };
		45D452741FF0458700698F16 /* ViewController.swift in Sources */ = {isa = PBXBuildFile; fileRef = 45D452731FF0458700698F16 /* ViewController.swift */; };
		45D452771FF0458700698F16 /* Main.storyboard in Resources */ = {isa = PBXBuildFile; fileRef = 45D452751FF0458700698F16 /* Main.storyboard */; };
		45D452791FF0458700698F16 /* Assets.xcassets in Resources */ = {isa = PBXBuildFile; fileRef = 45D452781FF0458700698F16 /* Assets.xcassets */; };
		45D4527C1FF0458700698F16 /* LaunchScreen.storyboard in Resources */ = {isa = PBXBuildFile; fileRef = 45D4527A1FF0458700698F16 /* LaunchScreen.storyboard */; };
		45D452871FF0458700698F16 /* RustarTests.swift in Sources */ = {isa = PBXBuildFile; fileRef = 45D452861FF0458700698F16 /* RustarTests.swift */; };
		45D452921FF0458700698F16 /* RustarUITests.swift in Sources */ = {isa = PBXBuildFile; fileRef = 45D452911FF0458700698F16 /* RustarUITests.swift */; };
		45D4AB2D1FF6335E0058707B /* DatePickerController.swift in Sources */ = {isa = PBXBuildFile; fileRef = 45D4AB2C1FF6335E0058707B /* DatePickerController.swift */; };
		45F1431C1FF0471B00ACBE8B /* Colors.swift in Sources */ = {isa = PBXBuildFile; fileRef = 45F1431B1FF0471B00ACBE8B /* Colors.swift */; };
		45F1431E1FF04A2000ACBE8B /* RustarButton.swift in Sources */ = {isa = PBXBuildFile; fileRef = 45F1431D1FF04A2000ACBE8B /* RustarButton.swift */; };
/* End PBXBuildFile section */

/* Begin PBXContainerItemProxy section */
		45D452831FF0458700698F16 /* PBXContainerItemProxy */ = {
			isa = PBXContainerItemProxy;
			containerPortal = 45D452661FF0458700698F16 /* Project object */;
			proxyType = 1;
			remoteGlobalIDString = 45D4526D1FF0458700698F16;
			remoteInfo = Rustar;
		};
		45D4528E1FF0458700698F16 /* PBXContainerItemProxy */ = {
			isa = PBXContainerItemProxy;
			containerPortal = 45D452661FF0458700698F16 /* Project object */;
			proxyType = 1;
			remoteGlobalIDString = 45D4526D1FF0458700698F16;
			remoteInfo = Rustar;
		};
/* End PBXContainerItemProxy section */

/* Begin PBXFileReference section */
		4506EE6B2001D6FB007D45D5 /* FirstPageJSONData.swift */ = {isa = PBXFileReference; lastKnownFileType = sourcecode.swift; path = FirstPageJSONData.swift; sourceTree = "<group>"; };
		45355DBA1FF48DE6004413C0 /* AccountChecker.swift */ = {isa = PBXFileReference; lastKnownFileType = sourcecode.swift; path = AccountChecker.swift; sourceTree = "<group>"; };
		45355DBD1FF49FCF004413C0 /* HomePage.swift */ = {isa = PBXFileReference; lastKnownFileType = sourcecode.swift; path = HomePage.swift; sourceTree = "<group>"; };
		453F19A0200AB72700CD8FEA /* Model.xcdatamodel */ = {isa = PBXFileReference; lastKnownFileType = wrapper.xcdatamodel; path = Model.xcdatamodel; sourceTree = "<group>"; };
		457F742C20104C3600B62AE1 /* Location+CoreDataClass.swift */ = {isa = PBXFileReference; lastKnownFileType = sourcecode.swift; name = "Location+CoreDataClass.swift"; path = "../../Location+CoreDataClass.swift"; sourceTree = "<group>"; };
		457F742D20104C3600B62AE1 /* Location+CoreDataProperties.swift */ = {isa = PBXFileReference; lastKnownFileType = sourcecode.swift; name = "Location+CoreDataProperties.swift"; path = "../../Location+CoreDataProperties.swift"; sourceTree = "<group>"; };
		45B482D81FF55D2D00333AED /* LocationController.swift */ = {isa = PBXFileReference; lastKnownFileType = sourcecode.swift; path = LocationController.swift; sourceTree = "<group>"; };
		45D4526E1FF0458700698F16 /* Rustar.app */ = {isa = PBXFileReference; explicitFileType = wrapper.application; includeInIndex = 0; path = Rustar.app; sourceTree = BUILT_PRODUCTS_DIR; };
		45D452711FF0458700698F16 /* AppDelegate.swift */ = {isa = PBXFileReference; lastKnownFileType = sourcecode.swift; path = AppDelegate.swift; sourceTree = "<group>"; };
		45D452731FF0458700698F16 /* ViewController.swift */ = {isa = PBXFileReference; lastKnownFileType = sourcecode.swift; path = ViewController.swift; sourceTree = "<group>"; };
		45D452761FF0458700698F16 /* Base */ = {isa = PBXFileReference; lastKnownFileType = file.storyboard; name = Base; path = Base.lproj/Main.storyboard; sourceTree = "<group>"; };
		45D452781FF0458700698F16 /* Assets.xcassets */ = {isa = PBXFileReference; lastKnownFileType = folder.assetcatalog; path = Assets.xcassets; sourceTree = "<group>"; };
		45D4527B1FF0458700698F16 /* Base */ = {isa = PBXFileReference; lastKnownFileType = file.storyboard; name = Base; path = Base.lproj/LaunchScreen.storyboard; sourceTree = "<group>"; };
		45D4527D1FF0458700698F16 /* Info.plist */ = {isa = PBXFileReference; lastKnownFileType = text.plist.xml; path = Info.plist; sourceTree = "<group>"; };
		45D452821FF0458700698F16 /* RustarTests.xctest */ = {isa = PBXFileReference; explicitFileType = wrapper.cfbundle; includeInIndex = 0; path = RustarTests.xctest; sourceTree = BUILT_PRODUCTS_DIR; };
		45D452861FF0458700698F16 /* RustarTests.swift */ = {isa = PBXFileReference; lastKnownFileType = sourcecode.swift; path = RustarTests.swift; sourceTree = "<group>"; };
		45D452881FF0458700698F16 /* Info.plist */ = {isa = PBXFileReference; lastKnownFileType = text.plist.xml; path = Info.plist; sourceTree = "<group>"; };
		45D4528D1FF0458700698F16 /* RustarUITests.xctest */ = {isa = PBXFileReference; explicitFileType = wrapper.cfbundle; includeInIndex = 0; path = RustarUITests.xctest; sourceTree = BUILT_PRODUCTS_DIR; };
		45D452911FF0458700698F16 /* RustarUITests.swift */ = {isa = PBXFileReference; lastKnownFileType = sourcecode.swift; path = RustarUITests.swift; sourceTree = "<group>"; };
		45D452931FF0458700698F16 /* Info.plist */ = {isa = PBXFileReference; lastKnownFileType = text.plist.xml; path = Info.plist; sourceTree = "<group>"; };
		45D4AB2C1FF6335E0058707B /* DatePickerController.swift */ = {isa = PBXFileReference; lastKnownFileType = sourcecode.swift; path = DatePickerController.swift; sourceTree = "<group>"; };
		45F1431B1FF0471B00ACBE8B /* Colors.swift */ = {isa = PBXFileReference; lastKnownFileType = sourcecode.swift; path = Colors.swift; sourceTree = "<group>"; };
		45F1431D1FF04A2000ACBE8B /* RustarButton.swift */ = {isa = PBXFileReference; lastKnownFileType = sourcecode.swift; path = RustarButton.swift; sourceTree = "<group>"; };
/* End PBXFileReference section */

/* Begin PBXFrameworksBuildPhase section */
		45D4526B1FF0458700698F16 /* Frameworks */ = {
			isa = PBXFrameworksBuildPhase;
			buildActionMask = 2147483647;
			files = (
			);
			runOnlyForDeploymentPostprocessing = 0;
		};
		45D4527F1FF0458700698F16 /* Frameworks */ = {
			isa = PBXFrameworksBuildPhase;
			buildActionMask = 2147483647;
			files = (
			);
			runOnlyForDeploymentPostprocessing = 0;
		};
		45D4528A1FF0458700698F16 /* Frameworks */ = {
			isa = PBXFrameworksBuildPhase;
			buildActionMask = 2147483647;
			files = (
			);
			runOnlyForDeploymentPostprocessing = 0;
		};
/* End PBXFrameworksBuildPhase section */

/* Begin PBXGroup section */
		45355DB81FF48D91004413C0 /* Controllers */ = {
			isa = PBXGroup;
			children = (
				45D4AB2B1FF633040058707B /* DatePicker */,
				45B482D71FF55CF400333AED /* LocationPicker */,
				45355DBC1FF49FA9004413C0 /* Home */,
				45355DB91FF48DA5004413C0 /* Log in */,
			);
			path = Controllers;
			sourceTree = "<group>";
		};
		45355DB91FF48DA5004413C0 /* Log in */ = {
			isa = PBXGroup;
			children = (
				45D452731FF0458700698F16 /* ViewController.swift */,
				45355DBA1FF48DE6004413C0 /* AccountChecker.swift */,
			);
			path = "Log in";
			sourceTree = "<group>";
		};
		45355DBC1FF49FA9004413C0 /* Home */ = {
			isa = PBXGroup;
			children = (
				45355DBD1FF49FCF004413C0 /* HomePage.swift */,
			);
			path = Home;
			sourceTree = "<group>";
		};
		45B482D71FF55CF400333AED /* LocationPicker */ = {
			isa = PBXGroup;
			children = (
				45B482D81FF55D2D00333AED /* LocationController.swift */,
				4506EE6B2001D6FB007D45D5 /* FirstPageJSONData.swift */,
			);
			path = LocationPicker;
			sourceTree = "<group>";
		};
		45D0F951200EE1B10000FAE8 /* Core Data */ = {
			isa = PBXGroup;
			children = (
				457F742C20104C3600B62AE1 /* Location+CoreDataClass.swift */,
				457F742D20104C3600B62AE1 /* Location+CoreDataProperties.swift */,
			);
			path = "Core Data";
			sourceTree = "<group>";
		};
		45D452651FF0458700698F16 = {
			isa = PBXGroup;
			children = (
				45D452701FF0458700698F16 /* Rustar */,
				45D452851FF0458700698F16 /* RustarTests */,
				45D452901FF0458700698F16 /* RustarUITests */,
				45D4526F1FF0458700698F16 /* Products */,
			);
			sourceTree = "<group>";
		};
		45D4526F1FF0458700698F16 /* Products */ = {
			isa = PBXGroup;
			children = (
				45D4526E1FF0458700698F16 /* Rustar.app */,
				45D452821FF0458700698F16 /* RustarTests.xctest */,
				45D4528D1FF0458700698F16 /* RustarUITests.xctest */,
			);
			name = Products;
			sourceTree = "<group>";
		};
		45D452701FF0458700698F16 /* Rustar */ = {
			isa = PBXGroup;
			children = (
				45D0F951200EE1B10000FAE8 /* Core Data */,
				45355DB81FF48D91004413C0 /* Controllers */,
				45F1431A1FF0470E00ACBE8B /* Design */,
				45D452711FF0458700698F16 /* AppDelegate.swift */,
				45D452751FF0458700698F16 /* Main.storyboard */,
				45D452781FF0458700698F16 /* Assets.xcassets */,
				45D4527A1FF0458700698F16 /* LaunchScreen.storyboard */,
				45D4527D1FF0458700698F16 /* Info.plist */,
				453F199F200AB72700CD8FEA /* Model.xcdatamodeld */,
			);
			path = Rustar;
			sourceTree = "<group>";
		};
		45D452851FF0458700698F16 /* RustarTests */ = {
			isa = PBXGroup;
			children = (
				45D452861FF0458700698F16 /* RustarTests.swift */,
				45D452881FF0458700698F16 /* Info.plist */,
			);
			path = RustarTests;
			sourceTree = "<group>";
		};
		45D452901FF0458700698F16 /* RustarUITests */ = {
			isa = PBXGroup;
			children = (
				45D452911FF0458700698F16 /* RustarUITests.swift */,
				45D452931FF0458700698F16 /* Info.plist */,
			);
			path = RustarUITests;
			sourceTree = "<group>";
		};
		45D4AB2B1FF633040058707B /* DatePicker */ = {
			isa = PBXGroup;
			children = (
				45D4AB2C1FF6335E0058707B /* DatePickerController.swift */,
			);
			path = DatePicker;
			sourceTree = "<group>";
		};
		45F1431A1FF0470E00ACBE8B /* Design */ = {
			isa = PBXGroup;
			children = (
				45F1431B1FF0471B00ACBE8B /* Colors.swift */,
				45F1431D1FF04A2000ACBE8B /* RustarButton.swift */,
			);
			path = Design;
			sourceTree = "<group>";
		};
/* End PBXGroup section */

/* Begin PBXNativeTarget section */
		45D4526D1FF0458700698F16 /* Rustar */ = {
			isa = PBXNativeTarget;
			buildConfigurationList = 45D452961FF0458700698F16 /* Build configuration list for PBXNativeTarget "Rustar" */;
			buildPhases = (
				45D4526A1FF0458700698F16 /* Sources */,
				45D4526B1FF0458700698F16 /* Frameworks */,
				45D4526C1FF0458700698F16 /* Resources */,
			);
			buildRules = (
			);
			dependencies = (
			);
			name = Rustar;
			productName = Rustar;
			productReference = 45D4526E1FF0458700698F16 /* Rustar.app */;
			productType = "com.apple.product-type.application";
		};
		45D452811FF0458700698F16 /* RustarTests */ = {
			isa = PBXNativeTarget;
			buildConfigurationList = 45D452991FF0458700698F16 /* Build configuration list for PBXNativeTarget "RustarTests" */;
			buildPhases = (
				45D4527E1FF0458700698F16 /* Sources */,
				45D4527F1FF0458700698F16 /* Frameworks */,
				45D452801FF0458700698F16 /* Resources */,
			);
			buildRules = (
			);
			dependencies = (
				45D452841FF0458700698F16 /* PBXTargetDependency */,
			);
			name = RustarTests;
			productName = RustarTests;
			productReference = 45D452821FF0458700698F16 /* RustarTests.xctest */;
			productType = "com.apple.product-type.bundle.unit-test";
		};
		45D4528C1FF0458700698F16 /* RustarUITests */ = {
			isa = PBXNativeTarget;
			buildConfigurationList = 45D4529C1FF0458700698F16 /* Build configuration list for PBXNativeTarget "RustarUITests" */;
			buildPhases = (
				45D452891FF0458700698F16 /* Sources */,
				45D4528A1FF0458700698F16 /* Frameworks */,
				45D4528B1FF0458700698F16 /* Resources */,
			);
			buildRules = (
			);
			dependencies = (
				45D4528F1FF0458700698F16 /* PBXTargetDependency */,
			);
			name = RustarUITests;
			productName = RustarUITests;
			productReference = 45D4528D1FF0458700698F16 /* RustarUITests.xctest */;
			productType = "com.apple.product-type.bundle.ui-testing";
		};
/* End PBXNativeTarget section */

/* Begin PBXProject section */
		45D452661FF0458700698F16 /* Project object */ = {
			isa = PBXProject;
			attributes = {
				KnownAssetTags = (
					New,
				);
				LastSwiftUpdateCheck = 0920;
				LastUpgradeCheck = 0920;
				ORGANIZATIONNAME = Rustar;
				TargetAttributes = {
					45D4526D1FF0458700698F16 = {
						CreatedOnToolsVersion = 9.2;
						ProvisioningStyle = Automatic;
					};
					45D452811FF0458700698F16 = {
						CreatedOnToolsVersion = 9.2;
						ProvisioningStyle = Automatic;
						TestTargetID = 45D4526D1FF0458700698F16;
					};
					45D4528C1FF0458700698F16 = {
						CreatedOnToolsVersion = 9.2;
						ProvisioningStyle = Automatic;
						TestTargetID = 45D4526D1FF0458700698F16;
					};
				};
			};
			buildConfigurationList = 45D452691FF0458700698F16 /* Build configuration list for PBXProject "Rustar" */;
			compatibilityVersion = "Xcode 8.0";
			developmentRegion = en;
			hasScannedForEncodings = 0;
			knownRegions = (
				en,
				Base,
			);
			mainGroup = 45D452651FF0458700698F16;
			productRefGroup = 45D4526F1FF0458700698F16 /* Products */;
			projectDirPath = "";
			projectRoot = "";
			targets = (
				45D4526D1FF0458700698F16 /* Rustar */,
				45D452811FF0458700698F16 /* RustarTests */,
				45D4528C1FF0458700698F16 /* RustarUITests */,
			);
		};
/* End PBXProject section */

/* Begin PBXResourcesBuildPhase section */
		45D4526C1FF0458700698F16 /* Resources */ = {
			isa = PBXResourcesBuildPhase;
			buildActionMask = 2147483647;
			files = (
				45D4527C1FF0458700698F16 /* LaunchScreen.storyboard in Resources */,
				45D452791FF0458700698F16 /* Assets.xcassets in Resources */,
				45D452771FF0458700698F16 /* Main.storyboard in Resources */,
			);
			runOnlyForDeploymentPostprocessing = 0;
		};
		45D452801FF0458700698F16 /* Resources */ = {
			isa = PBXResourcesBuildPhase;
			buildActionMask = 2147483647;
			files = (
			);
			runOnlyForDeploymentPostprocessing = 0;
		};
		45D4528B1FF0458700698F16 /* Resources */ = {
			isa = PBXResourcesBuildPhase;
			buildActionMask = 2147483647;
			files = (
			);
			runOnlyForDeploymentPostprocessing = 0;
		};
/* End PBXResourcesBuildPhase section */

/* Begin PBXSourcesBuildPhase section */
		45D4526A1FF0458700698F16 /* Sources */ = {
			isa = PBXSourcesBuildPhase;
			buildActionMask = 2147483647;
			files = (
				45D452741FF0458700698F16 /* ViewController.swift in Sources */,
				45355DBE1FF49FCF004413C0 /* HomePage.swift in Sources */,
				45F1431C1FF0471B00ACBE8B /* Colors.swift in Sources */,
				45F1431E1FF04A2000ACBE8B /* RustarButton.swift in Sources */,
				45D452721FF0458700698F16 /* AppDelegate.swift in Sources */,
				45D4AB2D1FF6335E0058707B /* DatePickerController.swift in Sources */,
				45355DBB1FF48DE6004413C0 /* AccountChecker.swift in Sources */,
				453F19A1200AB72700CD8FEA /* Model.xcdatamodeld in Sources */,
				457F742F20104C3600B62AE1 /* Location+CoreDataProperties.swift in Sources */,
				45B482D91FF55D2D00333AED /* LocationController.swift in Sources */,
				457F742E20104C3600B62AE1 /* Location+CoreDataClass.swift in Sources */,
				4506EE6C2001D6FB007D45D5 /* FirstPageJSONData.swift in Sources */,
			);
			runOnlyForDeploymentPostprocessing = 0;
		};
		45D4527E1FF0458700698F16 /* Sources */ = {
			isa = PBXSourcesBuildPhase;
			buildActionMask = 2147483647;
			files = (
				45D452871FF0458700698F16 /* RustarTests.swift in Sources */,
			);
			runOnlyForDeploymentPostprocessing = 0;
		};
		45D452891FF0458700698F16 /* Sources */ = {
			isa = PBXSourcesBuildPhase;
			buildActionMask = 2147483647;
			files = (
				45D452921FF0458700698F16 /* RustarUITests.swift in Sources */,
			);
			runOnlyForDeploymentPostprocessing = 0;
		};
/* End PBXSourcesBuildPhase section */

/* Begin PBXTargetDependency section */
		45D452841FF0458700698F16 /* PBXTargetDependency */ = {
			isa = PBXTargetDependency;
			target = 45D4526D1FF0458700698F16 /* Rustar */;
			targetProxy = 45D452831FF0458700698F16 /* PBXContainerItemProxy */;
		};
		45D4528F1FF0458700698F16 /* PBXTargetDependency */ = {
			isa = PBXTargetDependency;
			target = 45D4526D1FF0458700698F16 /* Rustar */;
			targetProxy = 45D4528E1FF0458700698F16 /* PBXContainerItemProxy */;
		};
/* End PBXTargetDependency section */

/* Begin PBXVariantGroup section */
		45D452751FF0458700698F16 /* Main.storyboard */ = {
			isa = PBXVariantGroup;
			children = (
				45D452761FF0458700698F16 /* Base */,
			);
			name = Main.storyboard;
			sourceTree = "<group>";
		};
		45D4527A1FF0458700698F16 /* LaunchScreen.storyboard */ = {
			isa = PBXVariantGroup;
			children = (
				45D4527B1FF0458700698F16 /* Base */,
			);
			name = LaunchScreen.storyboard;
			sourceTree = "<group>";
		};
/* End PBXVariantGroup section */

/* Begin XCBuildConfiguration section */
		45D452941FF0458700698F16 /* Debug */ = {
			isa = XCBuildConfiguration;
			buildSettings = {
				ALWAYS_SEARCH_USER_PATHS = NO;
				CLANG_ANALYZER_NONNULL = YES;
				CLANG_ANALYZER_NUMBER_OBJECT_CONVERSION = YES_AGGRESSIVE;
				CLANG_CXX_LANGUAGE_STANDARD = "gnu++14";
				CLANG_CXX_LIBRARY = "libc++";
				CLANG_ENABLE_MODULES = YES;
				CLANG_ENABLE_OBJC_ARC = YES;
				CLANG_WARN_BLOCK_CAPTURE_AUTORELEASING = YES;
				CLANG_WARN_BOOL_CONVERSION = YES;
				CLANG_WARN_COMMA = YES;
				CLANG_WARN_CONSTANT_CONVERSION = YES;
				CLANG_WARN_DIRECT_OBJC_ISA_USAGE = YES_ERROR;
				CLANG_WARN_DOCUMENTATION_COMMENTS = YES;
				CLANG_WARN_EMPTY_BODY = YES;
				CLANG_WARN_ENUM_CONVERSION = YES;
				CLANG_WARN_INFINITE_RECURSION = YES;
				CLANG_WARN_INT_CONVERSION = YES;
				CLANG_WARN_NON_LITERAL_NULL_CONVERSION = YES;
				CLANG_WARN_OBJC_LITERAL_CONVERSION = YES;
				CLANG_WARN_OBJC_ROOT_CLASS = YES_ERROR;
				CLANG_WARN_RANGE_LOOP_ANALYSIS = YES;
				CLANG_WARN_STRICT_PROTOTYPES = YES;
				CLANG_WARN_SUSPICIOUS_MOVE = YES;
				CLANG_WARN_UNGUARDED_AVAILABILITY = YES_AGGRESSIVE;
				CLANG_WARN_UNREACHABLE_CODE = YES;
				CLANG_WARN__DUPLICATE_METHOD_MATCH = YES;
				CODE_SIGN_IDENTITY = "iPhone Developer";
				COPY_PHASE_STRIP = NO;
				DEBUG_INFORMATION_FORMAT = dwarf;
				ENABLE_STRICT_OBJC_MSGSEND = YES;
				ENABLE_TESTABILITY = YES;
				GCC_C_LANGUAGE_STANDARD = gnu11;
				GCC_DYNAMIC_NO_PIC = NO;
				GCC_NO_COMMON_BLOCKS = YES;
				GCC_OPTIMIZATION_LEVEL = 0;
				GCC_PREPROCESSOR_DEFINITIONS = (
					"DEBUG=1",
					"$(inherited)",
				);
				GCC_WARN_64_TO_32_BIT_CONVERSION = YES;
				GCC_WARN_ABOUT_RETURN_TYPE = YES_ERROR;
				GCC_WARN_UNDECLARED_SELECTOR = YES;
				GCC_WARN_UNINITIALIZED_AUTOS = YES_AGGRESSIVE;
				GCC_WARN_UNUSED_FUNCTION = YES;
				GCC_WARN_UNUSED_VARIABLE = YES;
				IPHONEOS_DEPLOYMENT_TARGET = 11.2;
				MTL_ENABLE_DEBUG_INFO = YES;
				ONLY_ACTIVE_ARCH = YES;
				SDKROOT = iphoneos;
				SWIFT_ACTIVE_COMPILATION_CONDITIONS = DEBUG;
				SWIFT_OPTIMIZATION_LEVEL = "-Onone";
			};
			name = Debug;
		};
		45D452951FF0458700698F16 /* Release */ = {
			isa = XCBuildConfiguration;
			buildSettings = {
				ALWAYS_SEARCH_USER_PATHS = NO;
				CLANG_ANALYZER_NONNULL = YES;
				CLANG_ANALYZER_NUMBER_OBJECT_CONVERSION = YES_AGGRESSIVE;
				CLANG_CXX_LANGUAGE_STANDARD = "gnu++14";
				CLANG_CXX_LIBRARY = "libc++";
				CLANG_ENABLE_MODULES = YES;
				CLANG_ENABLE_OBJC_ARC = YES;
				CLANG_WARN_BLOCK_CAPTURE_AUTORELEASING = YES;
				CLANG_WARN_BOOL_CONVERSION = YES;
				CLANG_WARN_COMMA = YES;
				CLANG_WARN_CONSTANT_CONVERSION = YES;
				CLANG_WARN_DIRECT_OBJC_ISA_USAGE = YES_ERROR;
				CLANG_WARN_DOCUMENTATION_COMMENTS = YES;
				CLANG_WARN_EMPTY_BODY = YES;
				CLANG_WARN_ENUM_CONVERSION = YES;
				CLANG_WARN_INFINITE_RECURSION = YES;
				CLANG_WARN_INT_CONVERSION = YES;
				CLANG_WARN_NON_LITERAL_NULL_CONVERSION = YES;
				CLANG_WARN_OBJC_LITERAL_CONVERSION = YES;
				CLANG_WARN_OBJC_ROOT_CLASS = YES_ERROR;
				CLANG_WARN_RANGE_LOOP_ANALYSIS = YES;
				CLANG_WARN_STRICT_PROTOTYPES = YES;
				CLANG_WARN_SUSPICIOUS_MOVE = YES;
				CLANG_WARN_UNGUARDED_AVAILABILITY = YES_AGGRESSIVE;
				CLANG_WARN_UNREACHABLE_CODE = YES;
				CLANG_WARN__DUPLICATE_METHOD_MATCH = YES;
				CODE_SIGN_IDENTITY = "iPhone Developer";
				COPY_PHASE_STRIP = NO;
				DEBUG_INFORMATION_FORMAT = "dwarf-with-dsym";
				ENABLE_NS_ASSERTIONS = NO;
				ENABLE_STRICT_OBJC_MSGSEND = YES;
				GCC_C_LANGUAGE_STANDARD = gnu11;
				GCC_NO_COMMON_BLOCKS = YES;
				GCC_WARN_64_TO_32_BIT_CONVERSION = YES;
				GCC_WARN_ABOUT_RETURN_TYPE = YES_ERROR;
				GCC_WARN_UNDECLARED_SELECTOR = YES;
				GCC_WARN_UNINITIALIZED_AUTOS = YES_AGGRESSIVE;
				GCC_WARN_UNUSED_FUNCTION = YES;
				GCC_WARN_UNUSED_VARIABLE = YES;
				IPHONEOS_DEPLOYMENT_TARGET = 11.2;
				MTL_ENABLE_DEBUG_INFO = NO;
				SDKROOT = iphoneos;
				SWIFT_OPTIMIZATION_LEVEL = "-Owholemodule";
				VALIDATE_PRODUCT = YES;
			};
			name = Release;
		};
		45D452971FF0458700698F16 /* Debug */ = {
			isa = XCBuildConfiguration;
			buildSettings = {
				ASSETCATALOG_COMPILER_APPICON_NAME = AppIcon;
				CODE_SIGN_STYLE = Automatic;
				DEVELOPMENT_TEAM = 52Q35ZRZF2;
				INFOPLIST_FILE = Rustar/Info.plist;
				IPHONEOS_DEPLOYMENT_TARGET = 10.3;
				LD_RUNPATH_SEARCH_PATHS = "$(inherited) @executable_path/Frameworks";
				PRODUCT_BUNDLE_IDENTIFIER = com.rustaronline.ios.Rustar;
				PRODUCT_NAME = "$(TARGET_NAME)";
				SWIFT_VERSION = 4.0;
				TARGETED_DEVICE_FAMILY = "1,2";
			};
			name = Debug;
		};
		45D452981FF0458700698F16 /* Release */ = {
			isa = XCBuildConfiguration;
			buildSettings = {
				ASSETCATALOG_COMPILER_APPICON_NAME = AppIcon;
				CODE_SIGN_STYLE = Automatic;
				DEVELOPMENT_TEAM = 52Q35ZRZF2;
				INFOPLIST_FILE = Rustar/Info.plist;
				IPHONEOS_DEPLOYMENT_TARGET = 10.3;
				LD_RUNPATH_SEARCH_PATHS = "$(inherited) @executable_path/Frameworks";
				PRODUCT_BUNDLE_IDENTIFIER = com.rustaronline.ios.Rustar;
				PRODUCT_NAME = "$(TARGET_NAME)";
				SWIFT_VERSION = 4.0;
				TARGETED_DEVICE_FAMILY = "1,2";
			};
			name = Release;
		};
		45D4529A1FF0458700698F16 /* Debug */ = {
			isa = XCBuildConfiguration;
			buildSettings = {
				ALWAYS_EMBED_SWIFT_STANDARD_LIBRARIES = YES;
				BUNDLE_LOADER = "$(TEST_HOST)";
				CODE_SIGN_STYLE = Automatic;
				DEVELOPMENT_TEAM = 52Q35ZRZF2;
				INFOPLIST_FILE = RustarTests/Info.plist;
				LD_RUNPATH_SEARCH_PATHS = "$(inherited) @executable_path/Frameworks @loader_path/Frameworks";
				PRODUCT_BUNDLE_IDENTIFIER = com.rustaronline.ios.RustarTests;
				PRODUCT_NAME = "$(TARGET_NAME)";
				SWIFT_VERSION = 4.0;
				TARGETED_DEVICE_FAMILY = "1,2";
				TEST_HOST = "$(BUILT_PRODUCTS_DIR)/Rustar.app/Rustar";
			};
			name = Debug;
		};
		45D4529B1FF0458700698F16 /* Release */ = {
			isa = XCBuildConfiguration;
			buildSettings = {
				ALWAYS_EMBED_SWIFT_STANDARD_LIBRARIES = YES;
				BUNDLE_LOADER = "$(TEST_HOST)";
				CODE_SIGN_STYLE = Automatic;
				DEVELOPMENT_TEAM = 52Q35ZRZF2;
				INFOPLIST_FILE = RustarTests/Info.plist;
				LD_RUNPATH_SEARCH_PATHS = "$(inherited) @executable_path/Frameworks @loader_path/Frameworks";
				PRODUCT_BUNDLE_IDENTIFIER = com.rustaronline.ios.RustarTests;
				PRODUCT_NAME = "$(TARGET_NAME)";
				SWIFT_VERSION = 4.0;
				TARGETED_DEVICE_FAMILY = "1,2";
				TEST_HOST = "$(BUILT_PRODUCTS_DIR)/Rustar.app/Rustar";
			};
			name = Release;
		};
		45D4529D1FF0458700698F16 /* Debug */ = {
			isa = XCBuildConfiguration;
			buildSettings = {
				ALWAYS_EMBED_SWIFT_STANDARD_LIBRARIES = YES;
				CODE_SIGN_STYLE = Automatic;
				DEVELOPMENT_TEAM = 52Q35ZRZF2;
				INFOPLIST_FILE = RustarUITests/Info.plist;
				LD_RUNPATH_SEARCH_PATHS = "$(inherited) @executable_path/Frameworks @loader_path/Frameworks";
				PRODUCT_BUNDLE_IDENTIFIER = com.rustaronline.ios.RustarUITests;
				PRODUCT_NAME = "$(TARGET_NAME)";
				SWIFT_VERSION = 4.0;
				TARGETED_DEVICE_FAMILY = "1,2";
				TEST_TARGET_NAME = Rustar;
			};
			name = Debug;
		};
		45D4529E1FF0458700698F16 /* Release */ = {
			isa = XCBuildConfiguration;
			buildSettings = {
				ALWAYS_EMBED_SWIFT_STANDARD_LIBRARIES = YES;
				CODE_SIGN_STYLE = Automatic;
				DEVELOPMENT_TEAM = 52Q35ZRZF2;
				INFOPLIST_FILE = RustarUITests/Info.plist;
				LD_RUNPATH_SEARCH_PATHS = "$(inherited) @executable_path/Frameworks @loader_path/Frameworks";
				PRODUCT_BUNDLE_IDENTIFIER = com.rustaronline.ios.RustarUITests;
				PRODUCT_NAME = "$(TARGET_NAME)";
				SWIFT_VERSION = 4.0;
				TARGETED_DEVICE_FAMILY = "1,2";
				TEST_TARGET_NAME = Rustar;
			};
			name = Release;
		};
/* End XCBuildConfiguration section */

/* Begin XCConfigurationList section */
		45D452691FF0458700698F16 /* Build configuration list for PBXProject "Rustar" */ = {
			isa = XCConfigurationList;
			buildConfigurations = (
				45D452941FF0458700698F16 /* Debug */,
				45D452951FF0458700698F16 /* Release */,
			);
			defaultConfigurationIsVisible = 0;
			defaultConfigurationName = Release;
		};
		45D452961FF0458700698F16 /* Build configuration list for PBXNativeTarget "Rustar" */ = {
			isa = XCConfigurationList;
			buildConfigurations = (
				45D452971FF0458700698F16 /* Debug */,
				45D452981FF0458700698F16 /* Release */,
			);
			defaultConfigurationIsVisible = 0;
			defaultConfigurationName = Release;
		};
		45D452991FF0458700698F16 /* Build configuration list for PBXNativeTarget "RustarTests" */ = {
			isa = XCConfigurationList;
			buildConfigurations = (
				45D4529A1FF0458700698F16 /* Debug */,
				45D4529B1FF0458700698F16 /* Release */,
			);
			defaultConfigurationIsVisible = 0;
			defaultConfigurationName = Release;
		};
		45D4529C1FF0458700698F16 /* Build configuration list for PBXNativeTarget "RustarUITests" */ = {
			isa = XCConfigurationList;
			buildConfigurations = (
				45D4529D1FF0458700698F16 /* Debug */,
				45D4529E1FF0458700698F16 /* Release */,
			);
			defaultConfigurationIsVisible = 0;
			defaultConfigurationName = Release;
		};
/* End XCConfigurationList section */

/* Begin XCVersionGroup section */
		453F199F200AB72700CD8FEA /* Model.xcdatamodeld */ = {
			isa = XCVersionGroup;
			children = (
				453F19A0200AB72700CD8FEA /* Model.xcdatamodel */,
			);
			currentVersion = 453F19A0200AB72700CD8FEA /* Model.xcdatamodel */;
			path = Model.xcdatamodeld;
			sourceTree = "<group>";
			versionGroupType = wrapper.xcdatamodel;
		};
/* End XCVersionGroup section */
	};
	rootObject = 45D452661FF0458700698F16 /* Project object */;
}
